// !$*UTF8*$!
{
	archiveVersion = 1;
	classes = {
	};
	objectVersion = 50;
	objects = {

/* Begin PBXBuildFile section */
		CF9EB1C8270F5A7300C52688 /* stickyheaderApp.swift in Sources */ = {isa = PBXBuildFile; fileRef = CF9EB1C7270F5A7300C52688 /* stickyheaderApp.swift */; };
		CF9EB1CA270F5A7300C52688 /* ContentView.swift in Sources */ = {isa = PBXBuildFile; fileRef = CF9EB1C9270F5A7300C52688 /* ContentView.swift */; };
		CF9EB1CC270F5A7400C52688 /* Assets.xcassets in Resources */ = {isa = PBXBuildFile; fileRef = CF9EB1CB270F5A7400C52688 /* Assets.xcassets */; };
		CF9EB1CF270F5A7400C52688 /* Preview Assets.xcassets in Resources */ = {isa = PBXBuildFile; fileRef = CF9EB1CE270F5A7400C52688 /* Preview Assets.xcassets */; };
		CF9EB1DA270F5A7500C52688 /* stickyheaderTests.swift in Sources */ = {isa = PBXBuildFile; fileRef = CF9EB1D9270F5A7500C52688 /* stickyheaderTests.swift */; };
		CF9EB1E5270F5A7500C52688 /* stickyheaderUITests.swift in Sources */ = {isa = PBXBuildFile; fileRef = CF9EB1E4270F5A7500C52688 /* stickyheaderUITests.swift */; };
/* End PBXBuildFile section */

/* Begin PBXContainerItemProxy section */
		CF9EB1D6270F5A7500C52688 /* PBXContainerItemProxy */ = {
			isa = PBXContainerItemProxy;
			containerPortal = CF9EB1BC270F5A7300C52688 /* Project object */;
			proxyType = 1;
			remoteGlobalIDString = CF9EB1C3270F5A7300C52688;
			remoteInfo = stickyheader;
		};
		CF9EB1E1270F5A7500C52688 /* PBXContainerItemProxy */ = {
			isa = PBXContainerItemProxy;
			containerPortal = CF9EB1BC270F5A7300C52688 /* Project object */;
			proxyType = 1;
			remoteGlobalIDString = CF9EB1C3270F5A7300C52688;
			remoteInfo = stickyheader;
		};
/* End PBXContainerItemProxy section */

/* Begin PBXFileReference section */
		CF9EB1C4270F5A7300C52688 /* stickyheader.app */ = {isa = PBXFileReference; explicitFileType = wrapper.application; includeInIndex = 0; path = stickyheader.app; sourceTree = BUILT_PRODUCTS_DIR; };
		CF9EB1C7270F5A7300C52688 /* stickyheaderApp.swift */ = {isa = PBXFileReference; lastKnownFileType = sourcecode.swift; path = stickyheaderApp.swift; sourceTree = "<group>"; };
		CF9EB1C9270F5A7300C52688 /* ContentView.swift */ = {isa = PBXFileReference; lastKnownFileType = sourcecode.swift; path = ContentView.swift; sourceTree = "<group>"; };
		CF9EB1CB270F5A7400C52688 /* Assets.xcassets */ = {isa = PBXFileReference; lastKnownFileType = folder.assetcatalog; path = Assets.xcassets; sourceTree = "<group>"; };
		CF9EB1CE270F5A7400C52688 /* Preview Assets.xcassets */ = {isa = PBXFileReference; lastKnownFileType = folder.assetcatalog; path = "Preview Assets.xcassets"; sourceTree = "<group>"; };
		CF9EB1D0270F5A7400C52688 /* Info.plist */ = {isa = PBXFileReference; lastKnownFileType = text.plist.xml; path = Info.plist; sourceTree = "<group>"; };
		CF9EB1D5270F5A7500C52688 /* stickyheaderTests.xctest */ = {isa = PBXFileReference; explicitFileType = wrapper.cfbundle; includeInIndex = 0; path = stickyheaderTests.xctest; sourceTree = BUILT_PRODUCTS_DIR; };
		CF9EB1D9270F5A7500C52688 /* stickyheaderTests.swift */ = {isa = PBXFileReference; lastKnownFileType = sourcecode.swift; path = stickyheaderTests.swift; sourceTree = "<group>"; };
		CF9EB1DB270F5A7500C52688 /* Info.plist */ = {isa = PBXFileReference; lastKnownFileType = text.plist.xml; path = Info.plist; sourceTree = "<group>"; };
		CF9EB1E0270F5A7500C52688 /* stickyheaderUITests.xctest */ = {isa = PBXFileReference; explicitFileType = wrapper.cfbundle; includeInIndex = 0; path = stickyheaderUITests.xctest; sourceTree = BUILT_PRODUCTS_DIR; };
		CF9EB1E4270F5A7500C52688 /* stickyheaderUITests.swift */ = {isa = PBXFileReference; lastKnownFileType = sourcecode.swift; path = stickyheaderUITests.swift; sourceTree = "<group>"; };
		CF9EB1E6270F5A7500C52688 /* Info.plist */ = {isa = PBXFileReference; lastKnownFileType = text.plist.xml; path = Info.plist; sourceTree = "<group>"; };
/* End PBXFileReference section */

/* Begin PBXFrameworksBuildPhase section */
		CF9EB1C1270F5A7300C52688 /* Frameworks */ = {
			isa = PBXFrameworksBuildPhase;
			buildActionMask = 2147483647;
			files = (
			);
			runOnlyForDeploymentPostprocessing = 0;
		};
		CF9EB1D2270F5A7500C52688 /* Frameworks */ = {
			isa = PBXFrameworksBuildPhase;
			buildActionMask = 2147483647;
			files = (
			);
			runOnlyForDeploymentPostprocessing = 0;
		};
		CF9EB1DD270F5A7500C52688 /* Frameworks */ = {
			isa = PBXFrameworksBuildPhase;
			buildActionMask = 2147483647;
			files = (
			);
			runOnlyForDeploymentPostprocessing = 0;
		};
/* End PBXFrameworksBuildPhase section */

/* Begin PBXGroup section */
		CF9EB1BB270F5A7300C52688 = {
			isa = PBXGroup;
			children = (
				CF9EB1C6270F5A7300C52688 /* stickyheader */,
				CF9EB1D8270F5A7500C52688 /* stickyheaderTests */,
				CF9EB1E3270F5A7500C52688 /* stickyheaderUITests */,
				CF9EB1C5270F5A7300C52688 /* Products */,
			);
			sourceTree = "<group>";
		};
		CF9EB1C5270F5A7300C52688 /* Products */ = {
			isa = PBXGroup;
			children = (
				CF9EB1C4270F5A7300C52688 /* stickyheader.app */,
				CF9EB1D5270F5A7500C52688 /* stickyheaderTests.xctest */,
				CF9EB1E0270F5A7500C52688 /* stickyheaderUITests.xctest */,
			);
			name = Products;
			sourceTree = "<group>";
		};
		CF9EB1C6270F5A7300C52688 /* stickyheader */ = {
			isa = PBXGroup;
			children = (
				CF9EB1C7270F5A7300C52688 /* stickyheaderApp.swift */,
				CF9EB1C9270F5A7300C52688 /* ContentView.swift */,
				CF9EB1CB270F5A7400C52688 /* Assets.xcassets */,
				CF9EB1D0270F5A7400C52688 /* Info.plist */,
				CF9EB1CD270F5A7400C52688 /* Preview Content */,
			);
			path = stickyheader;
			sourceTree = "<group>";
		};
		CF9EB1CD270F5A7400C52688 /* Preview Content */ = {
			isa = PBXGroup;
			children = (
				CF9EB1CE270F5A7400C52688 /* Preview Assets.xcassets */,
			);
			path = "Preview Content";
			sourceTree = "<group>";
		};
		CF9EB1D8270F5A7500C52688 /* stickyheaderTests */ = {
			isa = PBXGroup;
			children = (
				CF9EB1D9270F5A7500C52688 /* stickyheaderTests.swift */,
				CF9EB1DB270F5A7500C52688 /* Info.plist */,
			);
			path = stickyheaderTests;
			sourceTree = "<group>";
		};
		CF9EB1E3270F5A7500C52688 /* stickyheaderUITests */ = {
			isa = PBXGroup;
			children = (
				CF9EB1E4270F5A7500C52688 /* stickyheaderUITests.swift */,
				CF9EB1E6270F5A7500C52688 /* Info.plist */,
			);
			path = stickyheaderUITests;
			sourceTree = "<group>";
		};
/* End PBXGroup section */

/* Begin PBXNativeTarget section */
		CF9EB1C3270F5A7300C52688 /* stickyheader */ = {
			isa = PBXNativeTarget;
			buildConfigurationList = CF9EB1E9270F5A7500C52688 /* Build configuration list for PBXNativeTarget "stickyheader" */;
			buildPhases = (
				CF9EB1C0270F5A7300C52688 /* Sources */,
				CF9EB1C1270F5A7300C52688 /* Frameworks */,
				CF9EB1C2270F5A7300C52688 /* Resources */,
			);
			buildRules = (
			);
			dependencies = (
			);
			name = stickyheader;
			productName = stickyheader;
			productReference = CF9EB1C4270F5A7300C52688 /* stickyheader.app */;
			productType = "com.apple.product-type.application";
		};
		CF9EB1D4270F5A7500C52688 /* stickyheaderTests */ = {
			isa = PBXNativeTarget;
			buildConfigurationList = CF9EB1EC270F5A7500C52688 /* Build configuration list for PBXNativeTarget "stickyheaderTests" */;
			buildPhases = (
				CF9EB1D1270F5A7500C52688 /* Sources */,
				CF9EB1D2270F5A7500C52688 /* Frameworks */,
				CF9EB1D3270F5A7500C52688 /* Resources */,
			);
			buildRules = (
			);
			dependencies = (
				CF9EB1D7270F5A7500C52688 /* PBXTargetDependency */,
			);
			name = stickyheaderTests;
			productName = stickyheaderTests;
			productReference = CF9EB1D5270F5A7500C52688 /* stickyheaderTests.xctest */;
			productType = "com.apple.product-type.bundle.unit-test";
		};
		CF9EB1DF270F5A7500C52688 /* stickyheaderUITests */ = {
			isa = PBXNativeTarget;
			buildConfigurationList = CF9EB1EF270F5A7500C52688 /* Build configuration list for PBXNativeTarget "stickyheaderUITests" */;
			buildPhases = (
				CF9EB1DC270F5A7500C52688 /* Sources */,
				CF9EB1DD270F5A7500C52688 /* Frameworks */,
				CF9EB1DE270F5A7500C52688 /* Resources */,
			);
			buildRules = (
			);
			dependencies = (
				CF9EB1E2270F5A7500C52688 /* PBXTargetDependency */,
			);
			name = stickyheaderUITests;
			productName = stickyheaderUITests;
			productReference = CF9EB1E0270F5A7500C52688 /* stickyheaderUITests.xctest */;
			productType = "com.apple.product-type.bundle.ui-testing";
		};
/* End PBXNativeTarget section */

/* Begin PBXProject section */
		CF9EB1BC270F5A7300C52688 /* Project object */ = {
			isa = PBXProject;
			attributes = {
				LastSwiftUpdateCheck = 1250;
				LastUpgradeCheck = 1250;
				TargetAttributes = {
					CF9EB1C3270F5A7300C52688 = {
						CreatedOnToolsVersion = 12.5.1;
					};
					CF9EB1D4270F5A7500C52688 = {
						CreatedOnToolsVersion = 12.5.1;
						TestTargetID = CF9EB1C3270F5A7300C52688;
					};
					CF9EB1DF270F5A7500C52688 = {
						CreatedOnToolsVersion = 12.5.1;
						TestTargetID = CF9EB1C3270F5A7300C52688;
					};
				};
			};
			buildConfigurationList = CF9EB1BF270F5A7300C52688 /* Build configuration list for PBXProject "stickyheader" */;
			compatibilityVersion = "Xcode 9.3";
			developmentRegion = en;
			hasScannedForEncodings = 0;
			knownRegions = (
				en,
				Base,
			);
			mainGroup = CF9EB1BB270F5A7300C52688;
			productRefGroup = CF9EB1C5270F5A7300C52688 /* Products */;
			projectDirPath = "";
			projectRoot = "";
			targets = (
				CF9EB1C3270F5A7300C52688 /* stickyheader */,
				CF9EB1D4270F5A7500C52688 /* stickyheaderTests */,
				CF9EB1DF270F5A7500C52688 /* stickyheaderUITests */,
			);
		};
/* End PBXProject section */

/* Begin PBXResourcesBuildPhase section */
		CF9EB1C2270F5A7300C52688 /* Resources */ = {
			isa = PBXResourcesBuildPhase;
			buildActionMask = 2147483647;
			files = (
				CF9EB1CF270F5A7400C52688 /* Preview Assets.xcassets in Resources */,
				CF9EB1CC270F5A7400C52688 /* Assets.xcassets in Resources */,
			);
			runOnlyForDeploymentPostprocessing = 0;
		};
		CF9EB1D3270F5A7500C52688 /* Resources */ = {
			isa = PBXResourcesBuildPhase;
			buildActionMask = 2147483647;
			files = (
			);
			runOnlyForDeploymentPostprocessing = 0;
		};
		CF9EB1DE270F5A7500C52688 /* Resources */ = {
			isa = PBXResourcesBuildPhase;
			buildActionMask = 2147483647;
			files = (
			);
			runOnlyForDeploymentPostprocessing = 0;
		};
/* End PBXResourcesBuildPhase section */

/* Begin PBXSourcesBuildPhase section */
		CF9EB1C0270F5A7300C52688 /* Sources */ = {
			isa = PBXSourcesBuildPhase;
			buildActionMask = 2147483647;
			files = (
				CF9EB1CA270F5A7300C52688 /* ContentView.swift in Sources */,
				CF9EB1C8270F5A7300C52688 /* stickyheaderApp.swift in Sources */,
			);
			runOnlyForDeploymentPostprocessing = 0;
		};
		CF9EB1D1270F5A7500C52688 /* Sources */ = {
			isa = PBXSourcesBuildPhase;
			buildActionMask = 2147483647;
			files = (
				CF9EB1DA270F5A7500C52688 /* stickyheaderTests.swift in Sources */,
			);
			runOnlyForDeploymentPostprocessing = 0;
		};
		CF9EB1DC270F5A7500C52688 /* Sources */ = {
			isa = PBXSourcesBuildPhase;
			buildActionMask = 2147483647;
			files = (
				CF9EB1E5270F5A7500C52688 /* stickyheaderUITests.swift in Sources */,
			);
			runOnlyForDeploymentPostprocessing = 0;
		};
/* End PBXSourcesBuildPhase section */

/* Begin PBXTargetDependency section */
		CF9EB1D7270F5A7500C52688 /* PBXTargetDependency */ = {
			isa = PBXTargetDependency;
			target = CF9EB1C3270F5A7300C52688 /* stickyheader */;
			targetProxy = CF9EB1D6270F5A7500C52688 /* PBXContainerItemProxy */;
		};
		CF9EB1E2270F5A7500C52688 /* PBXTargetDependency */ = {
			isa = PBXTargetDependency;
			target = CF9EB1C3270F5A7300C52688 /* stickyheader */;
			targetProxy = CF9EB1E1270F5A7500C52688 /* PBXContainerItemProxy */;
		};
/* End PBXTargetDependency section */

/* Begin XCBuildConfiguration section */
		CF9EB1E7270F5A7500C52688 /* Debug */ = {
			isa = XCBuildConfiguration;
			buildSettings = {
				ALWAYS_SEARCH_USER_PATHS = NO;
				CLANG_ANALYZER_NONNULL = YES;
				CLANG_ANALYZER_NUMBER_OBJECT_CONVERSION = YES_AGGRESSIVE;
				CLANG_CXX_LANGUAGE_STANDARD = "gnu++14";
				CLANG_CXX_LIBRARY = "libc++";
				CLANG_ENABLE_MODULES = YES;
				CLANG_ENABLE_OBJC_ARC = YES;
				CLANG_ENABLE_OBJC_WEAK = YES;
				CLANG_WARN_BLOCK_CAPTURE_AUTORELEASING = YES;
				CLANG_WARN_BOOL_CONVERSION = YES;
				CLANG_WARN_COMMA = YES;
				CLANG_WARN_CONSTANT_CONVERSION = YES;
				CLANG_WARN_DEPRECATED_OBJC_IMPLEMENTATIONS = YES;
				CLANG_WARN_DIRECT_OBJC_ISA_USAGE = YES_ERROR;
				CLANG_WARN_DOCUMENTATION_COMMENTS = YES;
				CLANG_WARN_EMPTY_BODY = YES;
				CLANG_WARN_ENUM_CONVERSION = YES;
				CLANG_WARN_INFINITE_RECURSION = YES;
				CLANG_WARN_INT_CONVERSION = YES;
				CLANG_WARN_NON_LITERAL_NULL_CONVERSION = YES;
				CLANG_WARN_OBJC_IMPLICIT_RETAIN_SELF = YES;
				CLANG_WARN_OBJC_LITERAL_CONVERSION = YES;
				CLANG_WARN_OBJC_ROOT_CLASS = YES_ERROR;
				CLANG_WARN_QUOTED_INCLUDE_IN_FRAMEWORK_HEADER = YES;
				CLANG_WARN_RANGE_LOOP_ANALYSIS = YES;
				CLANG_WARN_STRICT_PROTOTYPES = YES;
				CLANG_WARN_SUSPICIOUS_MOVE = YES;
				CLANG_WARN_UNGUARDED_AVAILABILITY = YES_AGGRESSIVE;
				CLANG_WARN_UNREACHABLE_CODE = YES;
				CLANG_WARN__DUPLICATE_METHOD_MATCH = YES;
				COPY_PHASE_STRIP = NO;
				DEBUG_INFORMATION_FORMAT = dwarf;
				ENABLE_STRICT_OBJC_MSGSEND = YES;
				ENABLE_TESTABILITY = YES;
				GCC_C_LANGUAGE_STANDARD = gnu11;
				GCC_DYNAMIC_NO_PIC = NO;
				GCC_NO_COMMON_BLOCKS = YES;
				GCC_OPTIMIZATION_LEVEL = 0;
				GCC_PREPROCESSOR_DEFINITIONS = (
					"DEBUG=1",
					"$(inherited)",
				);
				GCC_WARN_64_TO_32_BIT_CONVERSION = YES;
				GCC_WARN_ABOUT_RETURN_TYPE = YES_ERROR;
				GCC_WARN_UNDECLARED_SELECTOR = YES;
				GCC_WARN_UNINITIALIZED_AUTOS = YES_AGGRESSIVE;
				GCC_WARN_UNUSED_FUNCTION = YES;
				GCC_WARN_UNUSED_VARIABLE = YES;
				IPHONEOS_DEPLOYMENT_TARGET = 14.5;
				MTL_ENABLE_DEBUG_INFO = INCLUDE_SOURCE;
				MTL_FAST_MATH = YES;
				ONLY_ACTIVE_ARCH = YES;
				SDKROOT = iphoneos;
				SWIFT_ACTIVE_COMPILATION_CONDITIONS = DEBUG;
				SWIFT_OPTIMIZATION_LEVEL = "-Onone";
			};
			name = Debug;
		};
		CF9EB1E8270F5A7500C52688 /* Release */ = {
			isa = XCBuildConfiguration;
			buildSettings = {
				ALWAYS_SEARCH_USER_PATHS = NO;
				CLANG_ANALYZER_NONNULL = YES;
				CLANG_ANALYZER_NUMBER_OBJECT_CONVERSION = YES_AGGRESSIVE;
				CLANG_CXX_LANGUAGE_STANDARD = "gnu++14";
				CLANG_CXX_LIBRARY = "libc++";
				CLANG_ENABLE_MODULES = YES;
				CLANG_ENABLE_OBJC_ARC = YES;
				CLANG_ENABLE_OBJC_WEAK = YES;
				CLANG_WARN_BLOCK_CAPTURE_AUTORELEASING = YES;
				CLANG_WARN_BOOL_CONVERSION = YES;
				CLANG_WARN_COMMA = YES;
				CLANG_WARN_CONSTANT_CONVERSION = YES;
				CLANG_WARN_DEPRECATED_OBJC_IMPLEMENTATIONS = YES;
				CLANG_WARN_DIRECT_OBJC_ISA_USAGE = YES_ERROR;
				CLANG_WARN_DOCUMENTATION_COMMENTS = YES;
				CLANG_WARN_EMPTY_BODY = YES;
				CLANG_WARN_ENUM_CONVERSION = YES;
				CLANG_WARN_INFINITE_RECURSION = YES;
				CLANG_WARN_INT_CONVERSION = YES;
				CLANG_WARN_NON_LITERAL_NULL_CONVERSION = YES;
				CLANG_WARN_OBJC_IMPLICIT_RETAIN_SELF = YES;
				CLANG_WARN_OBJC_LITERAL_CONVERSION = YES;
				CLANG_WARN_OBJC_ROOT_CLASS = YES_ERROR;
				CLANG_WARN_QUOTED_INCLUDE_IN_FRAMEWORK_HEADER = YES;
				CLANG_WARN_RANGE_LOOP_ANALYSIS = YES;
				CLANG_WARN_STRICT_PROTOTYPES = YES;
				CLANG_WARN_SUSPICIOUS_MOVE = YES;
				CLANG_WARN_UNGUARDED_AVAILABILITY = YES_AGGRESSIVE;
				CLANG_WARN_UNREACHABLE_CODE = YES;
				CLANG_WARN__DUPLICATE_METHOD_MATCH = YES;
				COPY_PHASE_STRIP = NO;
				DEBUG_INFORMATION_FORMAT = "dwarf-with-dsym";
				ENABLE_NS_ASSERTIONS = NO;
				ENABLE_STRICT_OBJC_MSGSEND = YES;
				GCC_C_LANGUAGE_STANDARD = gnu11;
				GCC_NO_COMMON_BLOCKS = YES;
				GCC_WARN_64_TO_32_BIT_CONVERSION = YES;
				GCC_WARN_ABOUT_RETURN_TYPE = YES_ERROR;
				GCC_WARN_UNDECLARED_SELECTOR = YES;
				GCC_WARN_UNINITIALIZED_AUTOS = YES_AGGRESSIVE;
				GCC_WARN_UNUSED_FUNCTION = YES;
				GCC_WARN_UNUSED_VARIABLE = YES;
				IPHONEOS_DEPLOYMENT_TARGET = 14.5;
				MTL_ENABLE_DEBUG_INFO = NO;
				MTL_FAST_MATH = YES;
				SDKROOT = iphoneos;
				SWIFT_COMPILATION_MODE = wholemodule;
				SWIFT_OPTIMIZATION_LEVEL = "-O";
				VALIDATE_PRODUCT = YES;
			};
			name = Release;
		};
		CF9EB1EA270F5A7500C52688 /* Debug */ = {
			isa = XCBuildConfiguration;
			buildSettings = {
				ASSETCATALOG_COMPILER_APPICON_NAME = AppIcon;
				ASSETCATALOG_COMPILER_GLOBAL_ACCENT_COLOR_NAME = AccentColor;
				CODE_SIGN_STYLE = Automatic;
				DEVELOPMENT_ASSET_PATHS = "\"stickyheader/Preview Content\"";
				ENABLE_PREVIEWS = YES;
				INFOPLIST_FILE = stickyheader/Info.plist;
				IPHONEOS_DEPLOYMENT_TARGET = 14.0;
				LD_RUNPATH_SEARCH_PATHS = (
					"$(inherited)",
					"@executable_path/Frameworks",
				);
				PRODUCT_BUNDLE_IDENTIFIER = com.wbhdev.stickyheader;
				PRODUCT_NAME = "$(TARGET_NAME)";
				SWIFT_VERSION = 5.0;
				TARGETED_DEVICE_FAMILY = "1,2";
			};
			name = Debug;
		};
		CF9EB1EB270F5A7500C52688 /* Release */ = {
			isa = XCBuildConfiguration;
			buildSettings = {
				ASSETCATALOG_COMPILER_APPICON_NAME = AppIcon;
				ASSETCATALOG_COMPILER_GLOBAL_ACCENT_COLOR_NAME = AccentColor;
				CODE_SIGN_STYLE = Automatic;
				DEVELOPMENT_ASSET_PATHS = "\"stickyheader/Preview Content\"";
				ENABLE_PREVIEWS = YES;
				INFOPLIST_FILE = stickyheader/Info.plist;
				IPHONEOS_DEPLOYMENT_TARGET = 14.0;
				LD_RUNPATH_SEARCH_PATHS = (
					"$(inherited)",
					"@executable_path/Frameworks",
				);
				PRODUCT_BUNDLE_IDENTIFIER = com.wbhdev.stickyheader;
				PRODUCT_NAME = "$(TARGET_NAME)";
				SWIFT_VERSION = 5.0;
				TARGETED_DEVICE_FAMILY = "1,2";
			};
			name = Release;
		};
		CF9EB1ED270F5A7500C52688 /* Debug */ = {
			isa = XCBuildConfiguration;
			buildSettings = {
				ALWAYS_EMBED_SWIFT_STANDARD_LIBRARIES = YES;
				BUNDLE_LOADER = "$(TEST_HOST)";
				CODE_SIGN_STYLE = Automatic;
				INFOPLIST_FILE = stickyheaderTests/Info.plist;
				IPHONEOS_DEPLOYMENT_TARGET = 14.0;
				LD_RUNPATH_SEARCH_PATHS = (
					"$(inherited)",
					"@executable_path/Frameworks",
					"@loader_path/Frameworks",
				);
				PRODUCT_BUNDLE_IDENTIFIER = com.wbhdev.stickyheaderTests;
				PRODUCT_NAME = "$(TARGET_NAME)";
				SWIFT_VERSION = 5.0;
				TARGETED_DEVICE_FAMILY = "1,2";
				TEST_HOST = "$(BUILT_PRODUCTS_DIR)/stickyheader.app/stickyheader";
			};
			name = Debug;
		};
		CF9EB1EE270F5A7500C52688 /* Release */ = {
			isa = XCBuildConfiguration;
			buildSettings = {
				ALWAYS_EMBED_SWIFT_STANDARD_LIBRARIES = YES;
				BUNDLE_LOADER = "$(TEST_HOST)";
				CODE_SIGN_STYLE = Automatic;
				INFOPLIST_FILE = stickyheaderTests/Info.plist;
				IPHONEOS_DEPLOYMENT_TARGET = 14.0;
				LD_RUNPATH_SEARCH_PATHS = (
					"$(inherited)",
					"@executable_path/Frameworks",
					"@loader_path/Frameworks",
				);
				PRODUCT_BUNDLE_IDENTIFIER = com.wbhdev.stickyheaderTests;
				PRODUCT_NAME = "$(TARGET_NAME)";
				SWIFT_VERSION = 5.0;
				TARGETED_DEVICE_FAMILY = "1,2";
				TEST_HOST = "$(BUILT_PRODUCTS_DIR)/stickyheader.app/stickyheader";
			};
			name = Release;
		};
		CF9EB1F0270F5A7500C52688 /* Debug */ = {
			isa = XCBuildConfiguration;
			buildSettings = {
				ALWAYS_EMBED_SWIFT_STANDARD_LIBRARIES = YES;
				CODE_SIGN_STYLE = Automatic;
				INFOPLIST_FILE = stickyheaderUITests/Info.plist;
				LD_RUNPATH_SEARCH_PATHS = (
					"$(inherited)",
					"@executable_path/Frameworks",
					"@loader_path/Frameworks",
				);
				PRODUCT_BUNDLE_IDENTIFIER = com.wbhdev.stickyheaderUITests;
				PRODUCT_NAME = "$(TARGET_NAME)";
				SWIFT_VERSION = 5.0;
				TARGETED_DEVICE_FAMILY = "1,2";
				TEST_TARGET_NAME = stickyheader;
			};
			name = Debug;
		};
		CF9EB1F1270F5A7500C52688 /* Release */ = {
			isa = XCBuildConfiguration;
			buildSettings = {
				ALWAYS_EMBED_SWIFT_STANDARD_LIBRARIES = YES;
				CODE_SIGN_STYLE = Automatic;
				INFOPLIST_FILE = stickyheaderUITests/Info.plist;
				LD_RUNPATH_SEARCH_PATHS = (
					"$(inherited)",
					"@executable_path/Frameworks",
					"@loader_path/Frameworks",
				);
				PRODUCT_BUNDLE_IDENTIFIER = com.wbhdev.stickyheaderUITests;
				PRODUCT_NAME = "$(TARGET_NAME)";
				SWIFT_VERSION = 5.0;
				TARGETED_DEVICE_FAMILY = "1,2";
				TEST_TARGET_NAME = stickyheader;
			};
			name = Release;
		};
/* End XCBuildConfiguration section */

/* Begin XCConfigurationList section */
		CF9EB1BF270F5A7300C52688 /* Build configuration list for PBXProject "stickyheader" */ = {
			isa = XCConfigurationList;
			buildConfigurations = (
				CF9EB1E7270F5A7500C52688 /* Debug */,
				CF9EB1E8270F5A7500C52688 /* Release */,
			);
			defaultConfigurationIsVisible = 0;
			defaultConfigurationName = Release;
		};
		CF9EB1E9270F5A7500C52688 /* Build configuration list for PBXNativeTarget "stickyheader" */ = {
			isa = XCConfigurationList;
			buildConfigurations = (
				CF9EB1EA270F5A7500C52688 /* Debug */,
				CF9EB1EB270F5A7500C52688 /* Release */,
			);
			defaultConfigurationIsVisible = 0;
			defaultConfigurationName = Release;
		};
		CF9EB1EC270F5A7500C52688 /* Build configuration list for PBXNativeTarget "stickyheaderTests" */ = {
			isa = XCConfigurationList;
			buildConfigurations = (
				CF9EB1ED270F5A7500C52688 /* Debug */,
				CF9EB1EE270F5A7500C52688 /* Release */,
			);
			defaultConfigurationIsVisible = 0;
			defaultConfigurationName = Release;
		};
		CF9EB1EF270F5A7500C52688 /* Build configuration list for PBXNativeTarget "stickyheaderUITests" */ = {
			isa = XCConfigurationList;
			buildConfigurations = (
				CF9EB1F0270F5A7500C52688 /* Debug */,
				CF9EB1F1270F5A7500C52688 /* Release */,
			);
			defaultConfigurationIsVisible = 0;
			defaultConfigurationName = Release;
		};
/* End XCConfigurationList section */
	};
	rootObject = CF9EB1BC270F5A7300C52688 /* Project object */;
}
